
Microsoft Visual Studio Solution File, Format Version 12.00
# Visual Studio Version 17
VisualStudioVersion = 17.14.36429.23 d17.14
MinimumVisualStudioVersion = 10.0.40219.1
Project("{FAE04EC0-301F-11D3-BF4B-00C04F79EFBC}") = "R5.05-Application-de-reservation-dhotels", "R5.05-Application-de-reservation-dhotels\R5.05-Application-de-reservation-dhotels.csproj", "{61760B99-42FF-45D2-885B-8D4063A1E30E}"
EndProject
Global
	GlobalSection(SolutionConfigurationPlatforms) = preSolution
		Debug|Any CPU = Debug|Any CPU
		Release|Any CPU = Release|Any CPU
	EndGlobalSection
	GlobalSection(ProjectConfigurationPlatforms) = postSolution
		{61760B99-42FF-45D2-885B-8D4063A1E30E}.Debug|Any CPU.ActiveCfg = Debug|Any CPU
		{61760B99-42FF-45D2-885B-8D4063A1E30E}.Debug|Any CPU.Build.0 = Debug|Any CPU
		{61760B99-42FF-45D2-885B-8D4063A1E30E}.Release|Any CPU.ActiveCfg = Release|Any CPU
		{61760B99-42FF-45D2-885B-8D4063A1E30E}.Release|Any CPU.Build.0 = Release|Any CPU
	EndGlobalSection
	GlobalSection(SolutionProperties) = preSolution
		HideSolutionNode = FALSE
	EndGlobalSection
	GlobalSection(ExtensibilityGlobals) = postSolution
		SolutionGuid = {55B6EA11-362F-4F65-BCD2-E4773AD0711B}
	EndGlobalSection
EndGlobal
